
Microsoft Visual Studio Solution File, Format Version 12.00
# Visual Studio Version 17
VisualStudioVersion = 17.0.31903.59
MinimumVisualStudioVersion = 10.0.40219.1
Project("{2150E333-8FDC-42A3-9474-1A3956D46DE8}") = "src", "src", "{D2434F9C-5795-4E2B-9937-2FDDA712BE85}"
EndProject
Project("{FAE04EC0-301F-11D3-BF4B-00C04F79EFBC}") = "PropertyMatterHub.Core", "src\PropertyMatterHub.Core\PropertyMatterHub.Core.csproj", "{B810E343-E8E8-4847-832B-2A515348B070}"
EndProject
Project("{FAE04EC0-301F-11D3-BF4B-00C04F79EFBC}") = "PropertyMatterHub.Infrastructure", "src\PropertyMatterHub.Infrastructure\PropertyMatterHub.Infrastructure.csproj", "{8D0C6A77-7D54-4078-B5C2-15B59890EFAA}"
EndProject
Project("{2150E333-8FDC-42A3-9474-1A3956D46DE8}") = "tests", "tests", "{FC413E28-EAD0-4B31-A3DA-1E52D27DF34A}"
EndProject
Project("{FAE04EC0-301F-11D3-BF4B-00C04F79EFBC}") = "PropertyMatterHub.Core.Tests", "tests\PropertyMatterHub.Core.Tests\PropertyMatterHub.Core.Tests.csproj", "{35ABA297-C603-47DC-87E9-AD56FD4EADD0}"
EndProject
Project("{FAE04EC0-301F-11D3-BF4B-00C04F79EFBC}") = "PropertyMatterHub.Infrastructure.Tests", "tests\PropertyMatterHub.Infrastructure.Tests\PropertyMatterHub.Infrastructure.Tests.csproj", "{A7A65364-A707-410D-BF73-8712846FA0E1}"
EndProject
Project("{FAE04EC0-301F-11D3-BF4B-00C04F79EFBC}") = "PropertyMatterHub.App", "src\PropertyMatterHub.App\PropertyMatterHub.App.csproj", "{C5C6E52C-6F7E-4827-88AB-39554801F997}"
EndProject
Global
	GlobalSection(SolutionConfigurationPlatforms) = preSolution
		Debug|Any CPU = Debug|Any CPU
		Release|Any CPU = Release|Any CPU
	EndGlobalSection
	GlobalSection(SolutionProperties) = preSolution
		HideSolutionNode = FALSE
	EndGlobalSection
	GlobalSection(ProjectConfigurationPlatforms) = postSolution
		{B810E343-E8E8-4847-832B-2A515348B070}.Debug|Any CPU.ActiveCfg = Debug|Any CPU
		{B810E343-E8E8-4847-832B-2A515348B070}.Debug|Any CPU.Build.0 = Debug|Any CPU
		{B810E343-E8E8-4847-832B-2A515348B070}.Release|Any CPU.ActiveCfg = Release|Any CPU
		{B810E343-E8E8-4847-832B-2A515348B070}.Release|Any CPU.Build.0 = Release|Any CPU
		{8D0C6A77-7D54-4078-B5C2-15B59890EFAA}.Debug|Any CPU.ActiveCfg = Debug|Any CPU
		{8D0C6A77-7D54-4078-B5C2-15B59890EFAA}.Debug|Any CPU.Build.0 = Debug|Any CPU
		{8D0C6A77-7D54-4078-B5C2-15B59890EFAA}.Release|Any CPU.ActiveCfg = Release|Any CPU
		{8D0C6A77-7D54-4078-B5C2-15B59890EFAA}.Release|Any CPU.Build.0 = Release|Any CPU
		{35ABA297-C603-47DC-87E9-AD56FD4EADD0}.Debug|Any CPU.ActiveCfg = Debug|Any CPU
		{35ABA297-C603-47DC-87E9-AD56FD4EADD0}.Debug|Any CPU.Build.0 = Debug|Any CPU
		{35ABA297-C603-47DC-87E9-AD56FD4EADD0}.Release|Any CPU.ActiveCfg = Release|Any CPU
		{35ABA297-C603-47DC-87E9-AD56FD4EADD0}.Release|Any CPU.Build.0 = Release|Any CPU
		{A7A65364-A707-410D-BF73-8712846FA0E1}.Debug|Any CPU.ActiveCfg = Debug|Any CPU
		{A7A65364-A707-410D-BF73-8712846FA0E1}.Debug|Any CPU.Build.0 = Debug|Any CPU
		{A7A65364-A707-410D-BF73-8712846FA0E1}.Release|Any CPU.ActiveCfg = Release|Any CPU
		{A7A65364-A707-410D-BF73-8712846FA0E1}.Release|Any CPU.Build.0 = Release|Any CPU
		{C5C6E52C-6F7E-4827-88AB-39554801F997}.Debug|Any CPU.ActiveCfg = Debug|Any CPU
		{C5C6E52C-6F7E-4827-88AB-39554801F997}.Debug|Any CPU.Build.0 = Debug|Any CPU
		{C5C6E52C-6F7E-4827-88AB-39554801F997}.Release|Any CPU.ActiveCfg = Release|Any CPU
		{C5C6E52C-6F7E-4827-88AB-39554801F997}.Release|Any CPU.Build.0 = Release|Any CPU
	EndGlobalSection
	GlobalSection(NestedProjects) = preSolution
		{B810E343-E8E8-4847-832B-2A515348B070} = {D2434F9C-5795-4E2B-9937-2FDDA712BE85}
		{8D0C6A77-7D54-4078-B5C2-15B59890EFAA} = {D2434F9C-5795-4E2B-9937-2FDDA712BE85}
		{35ABA297-C603-47DC-87E9-AD56FD4EADD0} = {FC413E28-EAD0-4B31-A3DA-1E52D27DF34A}
		{A7A65364-A707-410D-BF73-8712846FA0E1} = {FC413E28-EAD0-4B31-A3DA-1E52D27DF34A}
		{C5C6E52C-6F7E-4827-88AB-39554801F997} = {D2434F9C-5795-4E2B-9937-2FDDA712BE85}
	EndGlobalSection
EndGlobal
